// !$*UTF8*$!
{
	archiveVersion = 1;
	classes = {
	};
	objectVersion = 50;
	objects = {

/* Begin PBXBuildFile section */
		D485003F25323F4A00CF1FB4 /* AppDelegate.swift in Sources */ = {isa = PBXBuildFile; fileRef = D485003E25323F4A00CF1FB4 /* AppDelegate.swift */; };
		D485004125323F4A00CF1FB4 /* SceneDelegate.swift in Sources */ = {isa = PBXBuildFile; fileRef = D485004025323F4A00CF1FB4 /* SceneDelegate.swift */; };
		D485004325323F4A00CF1FB4 /* ViewController.swift in Sources */ = {isa = PBXBuildFile; fileRef = D485004225323F4A00CF1FB4 /* ViewController.swift */; };
		D485004625323F4A00CF1FB4 /* Main.storyboard in Resources */ = {isa = PBXBuildFile; fileRef = D485004425323F4A00CF1FB4 /* Main.storyboard */; };
		D485004825323F4A00CF1FB4 /* Assets.xcassets in Resources */ = {isa = PBXBuildFile; fileRef = D485004725323F4A00CF1FB4 /* Assets.xcassets */; };
		D485004B25323F4B00CF1FB4 /* LaunchScreen.storyboard in Resources */ = {isa = PBXBuildFile; fileRef = D485004925323F4B00CF1FB4 /* LaunchScreen.storyboard */; };
		D485005725324B8900CF1FB4 /* CIButton.swift in Sources */ = {isa = PBXBuildFile; fileRef = D485005625324B8900CF1FB4 /* CIButton.swift */; };
		D485005F2532500400CF1FB4 /* ps-icon.png in Resources */ = {isa = PBXBuildFile; fileRef = D485005C2532500400CF1FB4 /* ps-icon.png */; };
		D48500602532500400CF1FB4 /* n64-icon.png in Resources */ = {isa = PBXBuildFile; fileRef = D485005D2532500400CF1FB4 /* n64-icon.png */; };
		D48500612532500400CF1FB4 /* sega-icon.png in Resources */ = {isa = PBXBuildFile; fileRef = D485005E2532500400CF1FB4 /* sega-icon.png */; };
/* End PBXBuildFile section */

/* Begin PBXFileReference section */
		D485003B25323F4A00CF1FB4 /* ChangeIcon.app */ = {isa = PBXFileReference; explicitFileType = wrapper.application; includeInIndex = 0; path = ChangeIcon.app; sourceTree = BUILT_PRODUCTS_DIR; };
		D485003E25323F4A00CF1FB4 /* AppDelegate.swift */ = {isa = PBXFileReference; lastKnownFileType = sourcecode.swift; path = AppDelegate.swift; sourceTree = "<group>"; };
		D485004025323F4A00CF1FB4 /* SceneDelegate.swift */ = {isa = PBXFileReference; lastKnownFileType = sourcecode.swift; path = SceneDelegate.swift; sourceTree = "<group>"; };
		D485004225323F4A00CF1FB4 /* ViewController.swift */ = {isa = PBXFileReference; lastKnownFileType = sourcecode.swift; path = ViewController.swift; sourceTree = "<group>"; };
		D485004525323F4A00CF1FB4 /* Base */ = {isa = PBXFileReference; lastKnownFileType = file.storyboard; name = Base; path = Base.lproj/Main.storyboard; sourceTree = "<group>"; };
		D485004725323F4A00CF1FB4 /* Assets.xcassets */ = {isa = PBXFileReference; lastKnownFileType = folder.assetcatalog; path = Assets.xcassets; sourceTree = "<group>"; };
		D485004A25323F4B00CF1FB4 /* Base */ = {isa = PBXFileReference; lastKnownFileType = file.storyboard; name = Base; path = Base.lproj/LaunchScreen.storyboard; sourceTree = "<group>"; };
		D485004C25323F4B00CF1FB4 /* Info.plist */ = {isa = PBXFileReference; lastKnownFileType = text.plist.xml; path = Info.plist; sourceTree = "<group>"; };
		D485005625324B8900CF1FB4 /* CIButton.swift */ = {isa = PBXFileReference; lastKnownFileType = sourcecode.swift; path = CIButton.swift; sourceTree = "<group>"; };
		D485005C2532500400CF1FB4 /* ps-icon.png */ = {isa = PBXFileReference; lastKnownFileType = image.png; path = "ps-icon.png"; sourceTree = "<group>"; };
		D485005D2532500400CF1FB4 /* n64-icon.png */ = {isa = PBXFileReference; lastKnownFileType = image.png; path = "n64-icon.png"; sourceTree = "<group>"; };
		D485005E2532500400CF1FB4 /* sega-icon.png */ = {isa = PBXFileReference; lastKnownFileType = image.png; path = "sega-icon.png"; sourceTree = "<group>"; };
/* End PBXFileReference section */

/* Begin PBXFrameworksBuildPhase section */
		D485003825323F4A00CF1FB4 /* Frameworks */ = {
			isa = PBXFrameworksBuildPhase;
			buildActionMask = 2147483647;
			files = (
			);
			runOnlyForDeploymentPostprocessing = 0;
		};
/* End PBXFrameworksBuildPhase section */

/* Begin PBXGroup section */
		D485003225323F4A00CF1FB4 = {
			isa = PBXGroup;
			children = (
				D485003D25323F4A00CF1FB4 /* ChangeIcon */,
				D485003C25323F4A00CF1FB4 /* Products */,
			);
			sourceTree = "<group>";
		};
		D485003C25323F4A00CF1FB4 /* Products */ = {
			isa = PBXGroup;
			children = (
				D485003B25323F4A00CF1FB4 /* ChangeIcon.app */,
			);
			name = Products;
			sourceTree = "<group>";
		};
		D485003D25323F4A00CF1FB4 /* ChangeIcon */ = {
			isa = PBXGroup;
			children = (
				D485005B25324FC800CF1FB4 /* Icons */,
				D485005525324B7000CF1FB4 /* View */,
				D485003E25323F4A00CF1FB4 /* AppDelegate.swift */,
				D485004025323F4A00CF1FB4 /* SceneDelegate.swift */,
				D485004225323F4A00CF1FB4 /* ViewController.swift */,
				D485004425323F4A00CF1FB4 /* Main.storyboard */,
				D485004725323F4A00CF1FB4 /* Assets.xcassets */,
				D485004925323F4B00CF1FB4 /* LaunchScreen.storyboard */,
				D485004C25323F4B00CF1FB4 /* Info.plist */,
			);
			path = ChangeIcon;
			sourceTree = "<group>";
		};
		D485005525324B7000CF1FB4 /* View */ = {
			isa = PBXGroup;
			children = (
				D485005625324B8900CF1FB4 /* CIButton.swift */,
			);
			path = View;
			sourceTree = "<group>";
		};
		D485005B25324FC800CF1FB4 /* Icons */ = {
			isa = PBXGroup;
			children = (
				D485005D2532500400CF1FB4 /* n64-icon.png */,
				D485005C2532500400CF1FB4 /* ps-icon.png */,
				D485005E2532500400CF1FB4 /* sega-icon.png */,
			);
			path = Icons;
			sourceTree = "<group>";
		};
/* End PBXGroup section */

/* Begin PBXNativeTarget section */
		D485003A25323F4A00CF1FB4 /* ChangeIcon */ = {
			isa = PBXNativeTarget;
			buildConfigurationList = D485004F25323F4B00CF1FB4 /* Build configuration list for PBXNativeTarget "ChangeIcon" */;
			buildPhases = (
				D485003725323F4A00CF1FB4 /* Sources */,
				D485003825323F4A00CF1FB4 /* Frameworks */,
				D485003925323F4A00CF1FB4 /* Resources */,
			);
			buildRules = (
			);
			dependencies = (
			);
			name = ChangeIcon;
			productName = ChangeIcon;
			productReference = D485003B25323F4A00CF1FB4 /* ChangeIcon.app */;
			productType = "com.apple.product-type.application";
		};
/* End PBXNativeTarget section */

/* Begin PBXProject section */
		D485003325323F4A00CF1FB4 /* Project object */ = {
			isa = PBXProject;
			attributes = {
				LastSwiftUpdateCheck = 1200;
				LastUpgradeCheck = 1200;
				TargetAttributes = {
					D485003A25323F4A00CF1FB4 = {
						CreatedOnToolsVersion = 12.0.1;
					};
				};
			};
			buildConfigurationList = D485003625323F4A00CF1FB4 /* Build configuration list for PBXProject "ChangeIcon" */;
			compatibilityVersion = "Xcode 9.3";
			developmentRegion = en;
			hasScannedForEncodings = 0;
			knownRegions = (
				en,
				Base,
			);
			mainGroup = D485003225323F4A00CF1FB4;
			productRefGroup = D485003C25323F4A00CF1FB4 /* Products */;
			projectDirPath = "";
			projectRoot = "";
			targets = (
				D485003A25323F4A00CF1FB4 /* ChangeIcon */,
			);
		};
/* End PBXProject section */

/* Begin PBXResourcesBuildPhase section */
		D485003925323F4A00CF1FB4 /* Resources */ = {
			isa = PBXResourcesBuildPhase;
			buildActionMask = 2147483647;
			files = (
				D485004B25323F4B00CF1FB4 /* LaunchScreen.storyboard in Resources */,
				D48500602532500400CF1FB4 /* n64-icon.png in Resources */,
				D48500612532500400CF1FB4 /* sega-icon.png in Resources */,
				D485004825323F4A00CF1FB4 /* Assets.xcassets in Resources */,
				D485004625323F4A00CF1FB4 /* Main.storyboard in Resources */,
				D485005F2532500400CF1FB4 /* ps-icon.png in Resources */,
			);
			runOnlyForDeploymentPostprocessing = 0;
		};
/* End PBXResourcesBuildPhase section */

/* Begin PBXSourcesBuildPhase section */
		D485003725323F4A00CF1FB4 /* Sources */ = {
			isa = PBXSourcesBuildPhase;
			buildActionMask = 2147483647;
			files = (
				D485004325323F4A00CF1FB4 /* ViewController.swift in Sources */,
				D485005725324B8900CF1FB4 /* CIButton.swift in Sources */,
				D485003F25323F4A00CF1FB4 /* AppDelegate.swift in Sources */,
				D485004125323F4A00CF1FB4 /* SceneDelegate.swift in Sources */,
			);
			runOnlyForDeploymentPostprocessing = 0;
		};
/* End PBXSourcesBuildPhase section */

/* Begin PBXVariantGroup section */
		D485004425323F4A00CF1FB4 /* Main.storyboard */ = {
			isa = PBXVariantGroup;
			children = (
				D485004525323F4A00CF1FB4 /* Base */,
			);
			name = Main.storyboard;
			sourceTree = "<group>";
		};
		D485004925323F4B00CF1FB4 /* LaunchScreen.storyboard */ = {
			isa = PBXVariantGroup;
			children = (
				D485004A25323F4B00CF1FB4 /* Base */,
			);
			name = LaunchScreen.storyboard;
			sourceTree = "<group>";
		};
/* End PBXVariantGroup section */

/* Begin XCBuildConfiguration section */
		D485004D25323F4B00CF1FB4 /* Debug */ = {
			isa = XCBuildConfiguration;
			buildSettings = {
				ALWAYS_SEARCH_USER_PATHS = NO;
				CLANG_ANALYZER_NONNULL = YES;
				CLANG_ANALYZER_NUMBER_OBJECT_CONVERSION = YES_AGGRESSIVE;
				CLANG_CXX_LANGUAGE_STANDARD = "gnu++14";
				CLANG_CXX_LIBRARY = "libc++";
				CLANG_ENABLE_MODULES = YES;
				CLANG_ENABLE_OBJC_ARC = YES;
				CLANG_ENABLE_OBJC_WEAK = YES;
				CLANG_WARN_BLOCK_CAPTURE_AUTORELEASING = YES;
				CLANG_WARN_BOOL_CONVERSION = YES;
				CLANG_WARN_COMMA = YES;
				CLANG_WARN_CONSTANT_CONVERSION = YES;
				CLANG_WARN_DEPRECATED_OBJC_IMPLEMENTATIONS = YES;
				CLANG_WARN_DIRECT_OBJC_ISA_USAGE = YES_ERROR;
				CLANG_WARN_DOCUMENTATION_COMMENTS = YES;
				CLANG_WARN_EMPTY_BODY = YES;
				CLANG_WARN_ENUM_CONVERSION = YES;
				CLANG_WARN_INFINITE_RECURSION = YES;
				CLANG_WARN_INT_CONVERSION = YES;
				CLANG_WARN_NON_LITERAL_NULL_CONVERSION = YES;
				CLANG_WARN_OBJC_IMPLICIT_RETAIN_SELF = YES;
				CLANG_WARN_OBJC_LITERAL_CONVERSION = YES;
				CLANG_WARN_OBJC_ROOT_CLASS = YES_ERROR;
				CLANG_WARN_QUOTED_INCLUDE_IN_FRAMEWORK_HEADER = YES;
				CLANG_WARN_RANGE_LOOP_ANALYSIS = YES;
				CLANG_WARN_STRICT_PROTOTYPES = YES;
				CLANG_WARN_SUSPICIOUS_MOVE = YES;
				CLANG_WARN_UNGUARDED_AVAILABILITY = YES_AGGRESSIVE;
				CLANG_WARN_UNREACHABLE_CODE = YES;
				CLANG_WARN__DUPLICATE_METHOD_MATCH = YES;
				COPY_PHASE_STRIP = NO;
				DEBUG_INFORMATION_FORMAT = dwarf;
				ENABLE_STRICT_OBJC_MSGSEND = YES;
				ENABLE_TESTABILITY = YES;
				GCC_C_LANGUAGE_STANDARD = gnu11;
				GCC_DYNAMIC_NO_PIC = NO;
				GCC_NO_COMMON_BLOCKS = YES;
				GCC_OPTIMIZATION_LEVEL = 0;
				GCC_PREPROCESSOR_DEFINITIONS = (
					"DEBUG=1",
					"$(inherited)",
				);
				GCC_WARN_64_TO_32_BIT_CONVERSION = YES;
				GCC_WARN_ABOUT_RETURN_TYPE = YES_ERROR;
				GCC_WARN_UNDECLARED_SELECTOR = YES;
				GCC_WARN_UNINITIALIZED_AUTOS = YES_AGGRESSIVE;
				GCC_WARN_UNUSED_FUNCTION = YES;
				GCC_WARN_UNUSED_VARIABLE = YES;
				IPHONEOS_DEPLOYMENT_TARGET = 14.0;
				MTL_ENABLE_DEBUG_INFO = INCLUDE_SOURCE;
				MTL_FAST_MATH = YES;
				ONLY_ACTIVE_ARCH = YES;
				SDKROOT = iphoneos;
				SWIFT_ACTIVE_COMPILATION_CONDITIONS = DEBUG;
				SWIFT_OPTIMIZATION_LEVEL = "-Onone";
			};
			name = Debug;
		};
		D485004E25323F4B00CF1FB4 /* Release */ = {
			isa = XCBuildConfiguration;
			buildSettings = {
				ALWAYS_SEARCH_USER_PATHS = NO;
				CLANG_ANALYZER_NONNULL = YES;
				CLANG_ANALYZER_NUMBER_OBJECT_CONVERSION = YES_AGGRESSIVE;
				CLANG_CXX_LANGUAGE_STANDARD = "gnu++14";
				CLANG_CXX_LIBRARY = "libc++";
				CLANG_ENABLE_MODULES = YES;
				CLANG_ENABLE_OBJC_ARC = YES;
				CLANG_ENABLE_OBJC_WEAK = YES;
				CLANG_WARN_BLOCK_CAPTURE_AUTORELEASING = YES;
				CLANG_WARN_BOOL_CONVERSION = YES;
				CLANG_WARN_COMMA = YES;
				CLANG_WARN_CONSTANT_CONVERSION = YES;
				CLANG_WARN_DEPRECATED_OBJC_IMPLEMENTATIONS = YES;
				CLANG_WARN_DIRECT_OBJC_ISA_USAGE = YES_ERROR;
				CLANG_WARN_DOCUMENTATION_COMMENTS = YES;
				CLANG_WARN_EMPTY_BODY = YES;
				CLANG_WARN_ENUM_CONVERSION = YES;
				CLANG_WARN_INFINITE_RECURSION = YES;
				CLANG_WARN_INT_CONVERSION = YES;
				CLANG_WARN_NON_LITERAL_NULL_CONVERSION = YES;
				CLANG_WARN_OBJC_IMPLICIT_RETAIN_SELF = YES;
				CLANG_WARN_OBJC_LITERAL_CONVERSION = YES;
				CLANG_WARN_OBJC_ROOT_CLASS = YES_ERROR;
				CLANG_WARN_QUOTED_INCLUDE_IN_FRAMEWORK_HEADER = YES;
				CLANG_WARN_RANGE_LOOP_ANALYSIS = YES;
				CLANG_WARN_STRICT_PROTOTYPES = YES;
				CLANG_WARN_SUSPICIOUS_MOVE = YES;
				CLANG_WARN_UNGUARDED_AVAILABILITY = YES_AGGRESSIVE;
				CLANG_WARN_UNREACHABLE_CODE = YES;
				CLANG_WARN__DUPLICATE_METHOD_MATCH = YES;
				COPY_PHASE_STRIP = NO;
				DEBUG_INFORMATION_FORMAT = "dwarf-with-dsym";
				ENABLE_NS_ASSERTIONS = NO;
				ENABLE_STRICT_OBJC_MSGSEND = YES;
				GCC_C_LANGUAGE_STANDARD = gnu11;
				GCC_NO_COMMON_BLOCKS = YES;
				GCC_WARN_64_TO_32_BIT_CONVERSION = YES;
				GCC_WARN_ABOUT_RETURN_TYPE = YES_ERROR;
				GCC_WARN_UNDECLARED_SELECTOR = YES;
				GCC_WARN_UNINITIALIZED_AUTOS = YES_AGGRESSIVE;
				GCC_WARN_UNUSED_FUNCTION = YES;
				GCC_WARN_UNUSED_VARIABLE = YES;
				IPHONEOS_DEPLOYMENT_TARGET = 14.0;
				MTL_ENABLE_DEBUG_INFO = NO;
				MTL_FAST_MATH = YES;
				SDKROOT = iphoneos;
				SWIFT_COMPILATION_MODE = wholemodule;
				SWIFT_OPTIMIZATION_LEVEL = "-O";
				VALIDATE_PRODUCT = YES;
			};
			name = Release;
		};
		D485005025323F4B00CF1FB4 /* Debug */ = {
			isa = XCBuildConfiguration;
			buildSettings = {
				ASSETCATALOG_COMPILER_APPICON_NAME = n64;
				ASSETCATALOG_COMPILER_GLOBAL_ACCENT_COLOR_NAME = AccentColor;
				CODE_SIGN_STYLE = Automatic;
				DEVELOPMENT_TEAM = 39363462TH;
				INFOPLIST_FILE = ChangeIcon/Info.plist;
				LD_RUNPATH_SEARCH_PATHS = (
					"$(inherited)",
					"@executable_path/Frameworks",
				);
				PRODUCT_BUNDLE_IDENTIFIER = com.rapholivera.ChangeIcon;
				PRODUCT_NAME = "$(TARGET_NAME)";
				SWIFT_VERSION = 5.0;
				TARGETED_DEVICE_FAMILY = "1,2";
			};
			name = Debug;
		};
		D485005125323F4B00CF1FB4 /* Release */ = {
			isa = XCBuildConfiguration;
			buildSettings = {
				ASSETCATALOG_COMPILER_APPICON_NAME = n64;
				ASSETCATALOG_COMPILER_GLOBAL_ACCENT_COLOR_NAME = AccentColor;
				CODE_SIGN_STYLE = Automatic;
				DEVELOPMENT_TEAM = 39363462TH;
				INFOPLIST_FILE = ChangeIcon/Info.plist;
				LD_RUNPATH_SEARCH_PATHS = (
					"$(inherited)",
					"@executable_path/Frameworks",
				);
				PRODUCT_BUNDLE_IDENTIFIER = com.rapholivera.ChangeIcon;
				PRODUCT_NAME = "$(TARGET_NAME)";
				SWIFT_VERSION = 5.0;
				TARGETED_DEVICE_FAMILY = "1,2";
			};
			name = Release;
		};
/* End XCBuildConfiguration section */

/* Begin XCConfigurationList section */
		D485003625323F4A00CF1FB4 /* Build configuration list for PBXProject "ChangeIcon" */ = {
			isa = XCConfigurationList;
			buildConfigurations = (
				D485004D25323F4B00CF1FB4 /* Debug */,
				D485004E25323F4B00CF1FB4 /* Release */,
			);
			defaultConfigurationIsVisible = 0;
			defaultConfigurationName = Release;
		};
		D485004F25323F4B00CF1FB4 /* Build configuration list for PBXNativeTarget "ChangeIcon" */ = {
			isa = XCConfigurationList;
			buildConfigurations = (
				D485005025323F4B00CF1FB4 /* Debug */,
				D485005125323F4B00CF1FB4 /* Release */,
			);
			defaultConfigurationIsVisible = 0;
			defaultConfigurationName = Release;
		};
/* End XCConfigurationList section */
	};
	rootObject = D485003325323F4A00CF1FB4 /* Project object */;
}
